
Microsoft Visual Studio Solution File, Format Version 12.00
# Visual Studio Version 16
VisualStudioVersion = 16.0.29911.84
MinimumVisualStudioVersion = 10.0.40219.1
Project("{FAE04EC0-301F-11D3-BF4B-00C04F79EFBC}") = "APBD_Kolos", "APBD_Kolos.csproj", "{AEB0790B-78B3-43BD-A176-98C9B01B65AF}"
EndProject
Global
	GlobalSection(SolutionConfigurationPlatforms) = preSolution
		Debug|Any CPU = Debug|Any CPU
		Release|Any CPU = Release|Any CPU
	EndGlobalSection
	GlobalSection(ProjectConfigurationPlatforms) = postSolution
		{AEB0790B-78B3-43BD-A176-98C9B01B65AF}.Debug|Any CPU.ActiveCfg = Debug|Any CPU
		{AEB0790B-78B3-43BD-A176-98C9B01B65AF}.Debug|Any CPU.Build.0 = Debug|Any CPU
		{AEB0790B-78B3-43BD-A176-98C9B01B65AF}.Release|Any CPU.ActiveCfg = Release|Any CPU
		{AEB0790B-78B3-43BD-A176-98C9B01B65AF}.Release|Any CPU.Build.0 = Release|Any CPU
	EndGlobalSection
	GlobalSection(SolutionProperties) = preSolution
		HideSolutionNode = FALSE
	EndGlobalSection
	GlobalSection(ExtensibilityGlobals) = postSolution
		SolutionGuid = {34B888CC-E587-4455-BDCE-6DD68BB2517C}
	EndGlobalSection
EndGlobal
